{
  "lockfile_version": "1",
  "packages": {
    "github:NixOS/nixpkgs/dc5d91f840324650bac8c379428c7037a416959a#beamPackages.elixir_1_20": {
      "last_modified": "1970-01-01T00:00:00Z",
      "resolved": "github:NixOS/nixpkgs/dc5d91f840324650bac8c379428c7037a416959a#beamPackages.elixir_1_20"
    },
    "github:NixOS/nixpkgs/dc5d91f840324650bac8c379428c7037a416959a#beamPackages.erlang": {
      "last_modified": "1970-01-01T00:00:00Z",
      "resolved": "github:NixOS/nixpkgs/dc5d91f840324650bac8c379428c7037a416959a#beamPackages.erlang"
    },
    "github:NixOS/nixpkgs/nixpkgs-unstable": {
      "last_modified": "2026-09-08T10:57:04Z",
      "resolved": "github:NixOS/nixpkgs/422d1ae605d7fcd9896412b37dc065c456c0eefb?lastModified=1788865024&narHash=sha256-3YkAzvtt4LoE11IcBDzPshIF3fJ0aIoILqE7dAg8CLI%3D"
    },
    "glibcLocales@latest": {
      "last_modified": "2026-08-27T07:16:00Z",
      "resolved": "github:NixOS/nixpkgs/c27cdad491a991b11ed731760aa2ef8db0cb0410#glibcLocales",
      "source": "devbox-search",
      "version": "2.42-84",
      "systems": {
        "aarch64-linux": {
          "outputs": [
            {
              "name": "out",
              "path": "/nix/store/iacrshzwi3r6k7jr98p94v3naji51f04-glibc-locales-2.42-84",
              "default": true
            }
          ],
          "store_path": "/nix/store/iacrshzwi3r6k7jr98p94v3naji51f04-glibc-locales-2.42-84"
        },
        "x86_64-linux": {
          "outputs": [
            {
              "name": "out",
              "path": "/nix/store/f65j04fnffn1wb67s11m8mhghf3xzpc1-glibc-locales-2.42-84",
              "default": true
            }
          ],
          "store_path": "/nix/store/f65j04fnffn1wb67s11m8mhghf3xzpc1-glibc-locales-2.42-84"
        }
      }
    },
    "nodejs@latest": {
      "last_modified": "2026-08-27T23:47:58Z",
      "plugin_version": "0.0.2",
      "resolved": "github:NixOS/nixpkgs/7d1a7c21a4c00ea653fc7ed5c083d261340f185f#nodejs_26",
      "source": "devbox-search",
      "version": "26.8.1",
      "systems": {
        "aarch64-darwin": {
          "outputs": [
            {
              "name": "out",
              "path": "/nix/store/szf4xdpd4znb3hzprlyivq6nd507hyas-nodejs-26.8.1",
              "default": true
            }
          ],
          "store_path": "/nix/store/szf4xdpd4znb3hzprlyivq6nd507hyas-nodejs-26.8.1"
        },
        "aarch64-linux": {
          "outputs": [
            {
              "name": "out",
              "path": "/nix/store/s3azam32y3bmwd6b2zynqqg9yv99lnam-nodejs-26.8.1",
              "default": true
            }
          ],
          "store_path": "/nix/store/s3azam32y3bmwd6b2zynqqg9yv99lnam-nodejs-26.8.1"
        },
        "x86_64-linux": {
          "outputs": [
            {
              "name": "out",
              "path": "/nix/store/ymlp5q9l64224b9jqpqwp298bgbjv7p9-nodejs-26.8.1",
              "default": true
            }
          ],
          "store_path": "/nix/store/ymlp5q9l64224b9jqpqwp298bgbjv7p9-nodejs-26.8.1"
        }
      }
    },
    "postgresql@17": {
      "last_modified": "2026-07-08T01:50:52Z",
      "plugin_version": "0.0.2",
      "resolved": "github:NixOS/nixpkgs/05988b07fb05cbcb50be6bce197b4b5f75b5e61b#postgresql",
      "source": "devbox-search",
      "version": "17.10",
      "systems": {
        "aarch64-darwin": {
          "outputs": [
            {
              "name": "out",
              "path": "/nix/store/hzbggmj1nil9902bfq876dxd1xscwlpb-postgresql-17.10",
              "default": true
            },
            {
              "name": "man",
              "path": "/nix/store/s1pqxfassz17nnh5l8fpc0yrrnis5f6l-postgresql-17.10-man",
              "default": true
            },
            {
              "name": "dev",
              "path": "/nix/store/x9ynbjwsrxbyhvh86qkg7aa2a138v8f3-postgresql-17.10-dev"
            },
            {
              "name": "doc",
              "path": "/nix/store/w7dqbp6drpjhh8fmw21ddgx2bjz94acj-postgresql-17.10-doc"
            },
            {
              "name": "jit",
              "path": "/nix/store/gmbbx0n9xlrrh0jdyf6fn89c17m1v69h-postgresql-17.10-jit"
            },
            {
              "name": "lib",
              "path": "/nix/store/ckx6mgsnpjzzd51w2i009h88p09adgw1-postgresql-17.10-lib"
            },
            {
              "name": "plperl",
              "path": "/nix/store/xwyg5lram9b739wcbrz7p8vd4zk41axl-postgresql-17.10-plperl"
            },
            {
              "name": "plpython3",
              "path": "/nix/store/nkpyi2c1b9zrhs7qcw55zqvd8h3dj8z4-postgresql-17.10-plpython3"
            },
            {
              "name": "pltcl",
              "path": "/nix/store/mwnii772wdlfs17hyyajjyvbl355lkx8-postgresql-17.10-pltcl"
            }
          ],
          "store_path": "/nix/store/hzbggmj1nil9902bfq876dxd1xscwlpb-postgresql-17.10"
        },
        "aarch64-linux": {
          "outputs": [
            {
              "name": "out",
              "path": "/nix/store/9ncchkya5z6s60bdxfn4w36gq10d02li-postgresql-17.10",
              "default": true
            },
            {
              "name": "man",
              "path": "/nix/store/w9nl213mjgfrv4na04k5bjbhabc4pl4w-postgresql-17.10-man",
              "default": true
            },
            {
              "name": "dev",
              "path": "/nix/store/r3xd0zkag7zk4bx9n4yh664k8arq7k4x-postgresql-17.10-dev"
            },
            {
              "name": "jit",
              "path": "/nix/store/j59a0qg5ycdxw0dbbhxl4wr2bf1h2a49-postgresql-17.10-jit"
            },
            {
              "name": "lib",
              "path": "/nix/store/gk31jp47f78n8ahp3hi92rdg1dx07ygp-postgresql-17.10-lib"
            },
            {
              "name": "plpython3",
              "path": "/nix/store/hxig1vf4v6gnlxm7z61ccv1lgm0aq0n6-postgresql-17.10-plpython3"
            },
            {
              "name": "pltcl",
              "path": "/nix/store/xjk75lk9wb1c42xjbmsyml6vphcagsd6-postgresql-17.10-pltcl"
            },
            {
              "name": "doc",
              "path": "/nix/store/3y6ypqn3z99wxkrp036ar55srvqxhbfs-postgresql-17.10-doc"
            },
            {
              "name": "plperl",
              "path": "/nix/store/ic9dmz09rr7h97hqbq2wwfh12yw2gk04-postgresql-17.10-plperl"
            },
            {
              "name": "debug",
              "path": "/nix/store/d5br06xpbbsnjbvyhlg1vb7sg5vsh4cl-postgresql-17.10-debug"
            }
          ],
          "store_path": "/nix/store/9ncchkya5z6s60bdxfn4w36gq10d02li-postgresql-17.10"
        },
        "x86_64-darwin": {
          "outputs": [
            {
              "name": "out",
              "path": "/nix/store/jgxdaiah5jwxw59dva74kgljyma997n8-postgresql-17.10",
              "default": true
            },
            {
              "name": "man",
              "path": "/nix/store/bak19mp0xgx9rwsmw1lzwcl3wb2saz38-postgresql-17.10-man",
              "default": true
            },
            {
              "name": "lib",
              "path": "/nix/store/yvbnhnx1dk5i0877gam5yc8cvfiiz3bp-postgresql-17.10-lib"
            },
            {
              "name": "plperl",
              "path": "/nix/store/3bdjvw41s62iq0abf17d5dcgmdmsrvaw-postgresql-17.10-plperl"
            },
            {
              "name": "plpython3",
              "path": "/nix/store/pdqsdbz6ghicqhny4as3ws1gs0yy94s8-postgresql-17.10-plpython3"
            },
            {
              "name": "pltcl",
              "path": "/nix/store/049bby0qrz8wh4073i41ghk4vfzs54vk-postgresql-17.10-pltcl"
            },
            {
              "name": "doc",
              "path": "/nix/store/3jj55asrgl1ahv01gkpzqmvwnzvg1wrb-postgresql-17.10-doc"
            },
            {
              "name": "jit",
              "path": "/nix/store/5vfbgj9n87l1zk7ljqisigsz9ax5sgad-postgresql-17.10-jit"
            },
            {
              "name": "dev",
              "path": "/nix/store/x1rfdcnxh1kj634bz73k8xg2p3i5rf22-postgresql-17.10-dev"
            }
          ],
          "store_path": "/nix/store/jgxdaiah5jwxw59dva74kgljyma997n8-postgresql-17.10"
        },
        "x86_64-linux": {
          "outputs": [
            {
              "name": "out",
              "path": "/nix/store/fdh93xn8lhlkdslwrgxzr8kd1qc8akga-postgresql-17.10",
              "default": true
            },
            {
              "name": "man",
              "path": "/nix/store/iqr4qfr28ks77m8hlzm8d8wgkf7rr5hg-postgresql-17.10-man",
              "default": true
            },
            {
              "name": "dev",
              "path": "/nix/store/92b64gg5xc23f45ncmgxjcxs1g9ncmnc-postgresql-17.10-dev"
            },
            {
              "name": "doc",
              "path": "/nix/store/nyh2h847zssl7qn9nqbvm60bhigsrn71-postgresql-17.10-doc"
            },
            {
              "name": "plperl",
              "path": "/nix/store/0rkgsn2r9151991bznkbvjhqmrkf019n-postgresql-17.10-plperl"
            },
            {
              "name": "plpython3",
              "path": "/nix/store/mw6f3sbwgcwpypq0v5xrx32hcwbqkbhi-postgresql-17.10-plpython3"
            },
            {
              "name": "pltcl",
              "path": "/nix/store/ylhbl8lk0n190pb9m6scg7nkip6wxlan-postgresql-17.10-pltcl"
            },
            {
              "name": "debug",
              "path": "/nix/store/g88yk9zvh38sllvzch1yd1sa67rdzrvj-postgresql-17.10-debug"
            },
            {
              "name": "jit",
              "path": "/nix/store/2v4qijdyh09nvz5cg22j2ky8ssiifza8-postgresql-17.10-jit"
            },
            {
              "name": "lib",
              "path": "/nix/store/zyhz4k8gwfdha8q9bcrfy82l5vczd8xl-postgresql-17.10-lib"
            }
          ],
          "store_path": "/nix/store/fdh93xn8lhlkdslwrgxzr8kd1qc8akga-postgresql-17.10"
        }
      }
    }
  }
}
